// !$*UTF8*$!
{
	archiveVersion = 1;
	classes = {
	};
	objectVersion = 48;
	objects = {

/* Begin PBXBuildFile section */
		A15A17CC207F0110007883BA /* AppDelegate.swift in Sources */ = {isa = PBXBuildFile; fileRef = A15A17CB207F0110007883BA /* AppDelegate.swift */; };
		A15A17D1207F0110007883BA /* Main.storyboard in Resources */ = {isa = PBXBuildFile; fileRef = A15A17CF207F0110007883BA /* Main.storyboard */; };
		A15A17D4207F0110007883BA /* todo_app_final_project_tarney.xcdatamodeld in Sources */ = {isa = PBXBuildFile; fileRef = A15A17D2207F0110007883BA /* todo_app_final_project_tarney.xcdatamodeld */; };
		A15A17D6207F0110007883BA /* Assets.xcassets in Resources */ = {isa = PBXBuildFile; fileRef = A15A17D5207F0110007883BA /* Assets.xcassets */; };
		A15A17D9207F0110007883BA /* LaunchScreen.storyboard in Resources */ = {isa = PBXBuildFile; fileRef = A15A17D7207F0110007883BA /* LaunchScreen.storyboard */; };
		A199E4982083E52B0079961E /* TestDBViewController.swift in Sources */ = {isa = PBXBuildFile; fileRef = A199E4972083E52B0079961E /* TestDBViewController.swift */; };
		A199E49A2083E61D0079961E /* ViewUITableViewController.swift in Sources */ = {isa = PBXBuildFile; fileRef = A199E4992083E61D0079961E /* ViewUITableViewController.swift */; };
/* End PBXBuildFile section */

/* Begin PBXFileReference section */
		A15A17C8207F0110007883BA /* todo_app_final_project_tarney.app */ = {isa = PBXFileReference; explicitFileType = wrapper.application; includeInIndex = 0; path = todo_app_final_project_tarney.app; sourceTree = BUILT_PRODUCTS_DIR; };
		A15A17CB207F0110007883BA /* AppDelegate.swift */ = {isa = PBXFileReference; lastKnownFileType = sourcecode.swift; path = AppDelegate.swift; sourceTree = "<group>"; };
		A15A17D0207F0110007883BA /* Base */ = {isa = PBXFileReference; lastKnownFileType = file.storyboard; name = Base; path = Base.lproj/Main.storyboard; sourceTree = "<group>"; };
		A15A17D3207F0110007883BA /* todo_app_final_project_tarney.xcdatamodel */ = {isa = PBXFileReference; lastKnownFileType = wrapper.xcdatamodel; path = todo_app_final_project_tarney.xcdatamodel; sourceTree = "<group>"; };
		A15A17D5207F0110007883BA /* Assets.xcassets */ = {isa = PBXFileReference; lastKnownFileType = folder.assetcatalog; path = Assets.xcassets; sourceTree = "<group>"; };
		A15A17D8207F0110007883BA /* Base */ = {isa = PBXFileReference; lastKnownFileType = file.storyboard; name = Base; path = Base.lproj/LaunchScreen.storyboard; sourceTree = "<group>"; };
		A15A17DA207F0110007883BA /* Info.plist */ = {isa = PBXFileReference; lastKnownFileType = text.plist.xml; path = Info.plist; sourceTree = "<group>"; };
		A199E4972083E52B0079961E /* TestDBViewController.swift */ = {isa = PBXFileReference; lastKnownFileType = sourcecode.swift; path = TestDBViewController.swift; sourceTree = "<group>"; };
		A199E4992083E61D0079961E /* ViewUITableViewController.swift */ = {isa = PBXFileReference; lastKnownFileType = sourcecode.swift; path = ViewUITableViewController.swift; sourceTree = "<group>"; };
/* End PBXFileReference section */

/* Begin PBXFrameworksBuildPhase section */
		A15A17C5207F0110007883BA /* Frameworks */ = {
			isa = PBXFrameworksBuildPhase;
			buildActionMask = 2147483647;
			files = (
			);
			runOnlyForDeploymentPostprocessing = 0;
		};
/* End PBXFrameworksBuildPhase section */

/* Begin PBXGroup section */
		A15A17BF207F0110007883BA = {
			isa = PBXGroup;
			children = (
				A15A17CA207F0110007883BA /* todo_app_final_project_tarney */,
				A15A17C9207F0110007883BA /* Products */,
			);
			sourceTree = "<group>";
		};
		A15A17C9207F0110007883BA /* Products */ = {
			isa = PBXGroup;
			children = (
				A15A17C8207F0110007883BA /* todo_app_final_project_tarney.app */,
			);
			name = Products;
			sourceTree = "<group>";
		};
		A15A17CA207F0110007883BA /* todo_app_final_project_tarney */ = {
			isa = PBXGroup;
			children = (
				A15A17CB207F0110007883BA /* AppDelegate.swift */,
				A199E4972083E52B0079961E /* TestDBViewController.swift */,
				A199E4992083E61D0079961E /* ViewUITableViewController.swift */,
				A15A17CF207F0110007883BA /* Main.storyboard */,
				A15A17D2207F0110007883BA /* todo_app_final_project_tarney.xcdatamodeld */,
				A15A17D5207F0110007883BA /* Assets.xcassets */,
				A15A17D7207F0110007883BA /* LaunchScreen.storyboard */,
				A15A17DA207F0110007883BA /* Info.plist */,
			);
			path = todo_app_final_project_tarney;
			sourceTree = "<group>";
		};
/* End PBXGroup section */

/* Begin PBXNativeTarget section */
		A15A17C7207F0110007883BA /* todo_app_final_project_tarney */ = {
			isa = PBXNativeTarget;
			buildConfigurationList = A15A17DD207F0110007883BA /* Build configuration list for PBXNativeTarget "todo_app_final_project_tarney" */;
			buildPhases = (
				A15A17C4207F0110007883BA /* Sources */,
				A15A17C5207F0110007883BA /* Frameworks */,
				A15A17C6207F0110007883BA /* Resources */,
			);
			buildRules = (
			);
			dependencies = (
			);
			name = todo_app_final_project_tarney;
			productName = todo_app_final_project_tarney;
			productReference = A15A17C8207F0110007883BA /* todo_app_final_project_tarney.app */;
			productType = "com.apple.product-type.application";
		};
/* End PBXNativeTarget section */

/* Begin PBXProject section */
		A15A17C0207F0110007883BA /* Project object */ = {
			isa = PBXProject;
			attributes = {
				LastSwiftUpdateCheck = 0920;
				LastUpgradeCheck = 0920;
				ORGANIZATIONNAME = "Johns Hopkins University";
				TargetAttributes = {
					A15A17C7207F0110007883BA = {
						CreatedOnToolsVersion = 9.2;
						ProvisioningStyle = Automatic;
					};
				};
			};
			buildConfigurationList = A15A17C3207F0110007883BA /* Build configuration list for PBXProject "todo_app_final_project_tarney" */;
			compatibilityVersion = "Xcode 8.0";
			developmentRegion = en;
			hasScannedForEncodings = 0;
			knownRegions = (
				en,
				Base,
			);
			mainGroup = A15A17BF207F0110007883BA;
			productRefGroup = A15A17C9207F0110007883BA /* Products */;
			projectDirPath = "";
			projectRoot = "";
			targets = (
				A15A17C7207F0110007883BA /* todo_app_final_project_tarney */,
			);
		};
/* End PBXProject section */

/* Begin PBXResourcesBuildPhase section */
		A15A17C6207F0110007883BA /* Resources */ = {
			isa = PBXResourcesBuildPhase;
			buildActionMask = 2147483647;
			files = (
				A15A17D9207F0110007883BA /* LaunchScreen.storyboard in Resources */,
				A15A17D6207F0110007883BA /* Assets.xcassets in Resources */,
				A15A17D1207F0110007883BA /* Main.storyboard in Resources */,
			);
			runOnlyForDeploymentPostprocessing = 0;
		};
/* End PBXResourcesBuildPhase section */

/* Begin PBXSourcesBuildPhase section */
		A15A17C4207F0110007883BA /* Sources */ = {
			isa = PBXSourcesBuildPhase;
			buildActionMask = 2147483647;
			files = (
				A199E49A2083E61D0079961E /* ViewUITableViewController.swift in Sources */,
				A15A17CC207F0110007883BA /* AppDelegate.swift in Sources */,
				A15A17D4207F0110007883BA /* todo_app_final_project_tarney.xcdatamodeld in Sources */,
				A199E4982083E52B0079961E /* TestDBViewController.swift in Sources */,
			);
			runOnlyForDeploymentPostprocessing = 0;
		};
/* End PBXSourcesBuildPhase section */

/* Begin PBXVariantGroup section */
		A15A17CF207F0110007883BA /* Main.storyboard */ = {
			isa = PBXVariantGroup;
			children = (
				A15A17D0207F0110007883BA /* Base */,
			);
			name = Main.storyboard;
			sourceTree = "<group>";
		};
		A15A17D7207F0110007883BA /* LaunchScreen.storyboard */ = {
			isa = PBXVariantGroup;
			children = (
				A15A17D8207F0110007883BA /* Base */,
			);
			name = LaunchScreen.storyboard;
			sourceTree = "<group>";
		};
/* End PBXVariantGroup section */

/* Begin XCBuildConfiguration section */
		A15A17DB207F0110007883BA /* Debug */ = {
			isa = XCBuildConfiguration;
			buildSettings = {
				ALWAYS_SEARCH_USER_PATHS = NO;
				CLANG_ANALYZER_NONNULL = YES;
				CLANG_ANALYZER_NUMBER_OBJECT_CONVERSION = YES_AGGRESSIVE;
				CLANG_CXX_LANGUAGE_STANDARD = "gnu++14";
				CLANG_CXX_LIBRARY = "libc++";
				CLANG_ENABLE_MODULES = YES;
				CLANG_ENABLE_OBJC_ARC = YES;
				CLANG_WARN_BLOCK_CAPTURE_AUTORELEASING = YES;
				CLANG_WARN_BOOL_CONVERSION = YES;
				CLANG_WARN_COMMA = YES;
				CLANG_WARN_CONSTANT_CONVERSION = YES;
				CLANG_WARN_DIRECT_OBJC_ISA_USAGE = YES_ERROR;
				CLANG_WARN_DOCUMENTATION_COMMENTS = YES;
				CLANG_WARN_EMPTY_BODY = YES;
				CLANG_WARN_ENUM_CONVERSION = YES;
				CLANG_WARN_INFINITE_RECURSION = YES;
				CLANG_WARN_INT_CONVERSION = YES;
				CLANG_WARN_NON_LITERAL_NULL_CONVERSION = YES;
				CLANG_WARN_OBJC_LITERAL_CONVERSION = YES;
				CLANG_WARN_OBJC_ROOT_CLASS = YES_ERROR;
				CLANG_WARN_RANGE_LOOP_ANALYSIS = YES;
				CLANG_WARN_STRICT_PROTOTYPES = YES;
				CLANG_WARN_SUSPICIOUS_MOVE = YES;
				CLANG_WARN_UNGUARDED_AVAILABILITY = YES_AGGRESSIVE;
				CLANG_WARN_UNREACHABLE_CODE = YES;
				CLANG_WARN__DUPLICATE_METHOD_MATCH = YES;
				CODE_SIGN_IDENTITY = "iPhone Developer";
				COPY_PHASE_STRIP = NO;
				DEBUG_INFORMATION_FORMAT = dwarf;
				ENABLE_STRICT_OBJC_MSGSEND = YES;
				ENABLE_TESTABILITY = YES;
				GCC_C_LANGUAGE_STANDARD = gnu11;
				GCC_DYNAMIC_NO_PIC = NO;
				GCC_NO_COMMON_BLOCKS = YES;
				GCC_OPTIMIZATION_LEVEL = 0;
				GCC_PREPROCESSOR_DEFINITIONS = (
					"DEBUG=1",
					"$(inherited)",
				);
				GCC_WARN_64_TO_32_BIT_CONVERSION = YES;
				GCC_WARN_ABOUT_RETURN_TYPE = YES_ERROR;
				GCC_WARN_UNDECLARED_SELECTOR = YES;
				GCC_WARN_UNINITIALIZED_AUTOS = YES_AGGRESSIVE;
				GCC_WARN_UNUSED_FUNCTION = YES;
				GCC_WARN_UNUSED_VARIABLE = YES;
				IPHONEOS_DEPLOYMENT_TARGET = 11.2;
				MTL_ENABLE_DEBUG_INFO = YES;
				ONLY_ACTIVE_ARCH = YES;
				SDKROOT = iphoneos;
				SWIFT_ACTIVE_COMPILATION_CONDITIONS = DEBUG;
				SWIFT_OPTIMIZATION_LEVEL = "-Onone";
			};
			name = Debug;
		};
		A15A17DC207F0110007883BA /* Release */ = {
			isa = XCBuildConfiguration;
			buildSettings = {
				ALWAYS_SEARCH_USER_PATHS = NO;
				CLANG_ANALYZER_NONNULL = YES;
				CLANG_ANALYZER_NUMBER_OBJECT_CONVERSION = YES_AGGRESSIVE;
				CLANG_CXX_LANGUAGE_STANDARD = "gnu++14";
				CLANG_CXX_LIBRARY = "libc++";
				CLANG_ENABLE_MODULES = YES;
				CLANG_ENABLE_OBJC_ARC = YES;
				CLANG_WARN_BLOCK_CAPTURE_AUTORELEASING = YES;
				CLANG_WARN_BOOL_CONVERSION = YES;
				CLANG_WARN_COMMA = YES;
				CLANG_WARN_CONSTANT_CONVERSION = YES;
				CLANG_WARN_DIRECT_OBJC_ISA_USAGE = YES_ERROR;
				CLANG_WARN_DOCUMENTATION_COMMENTS = YES;
				CLANG_WARN_EMPTY_BODY = YES;
				CLANG_WARN_ENUM_CONVERSION = YES;
				CLANG_WARN_INFINITE_RECURSION = YES;
				CLANG_WARN_INT_CONVERSION = YES;
				CLANG_WARN_NON_LITERAL_NULL_CONVERSION = YES;
				CLANG_WARN_OBJC_LITERAL_CONVERSION = YES;
				CLANG_WARN_OBJC_ROOT_CLASS = YES_ERROR;
				CLANG_WARN_RANGE_LOOP_ANALYSIS = YES;
				CLANG_WARN_STRICT_PROTOTYPES = YES;
				CLANG_WARN_SUSPICIOUS_MOVE = YES;
				CLANG_WARN_UNGUARDED_AVAILABILITY = YES_AGGRESSIVE;
				CLANG_WARN_UNREACHABLE_CODE = YES;
				CLANG_WARN__DUPLICATE_METHOD_MATCH = YES;
				CODE_SIGN_IDENTITY = "iPhone Developer";
				COPY_PHASE_STRIP = NO;
				DEBUG_INFORMATION_FORMAT = "dwarf-with-dsym";
				ENABLE_NS_ASSERTIONS = NO;
				ENABLE_STRICT_OBJC_MSGSEND = YES;
				GCC_C_LANGUAGE_STANDARD = gnu11;
				GCC_NO_COMMON_BLOCKS = YES;
				GCC_WARN_64_TO_32_BIT_CONVERSION = YES;
				GCC_WARN_ABOUT_RETURN_TYPE = YES_ERROR;
				GCC_WARN_UNDECLARED_SELECTOR = YES;
				GCC_WARN_UNINITIALIZED_AUTOS = YES_AGGRESSIVE;
				GCC_WARN_UNUSED_FUNCTION = YES;
				GCC_WARN_UNUSED_VARIABLE = YES;
				IPHONEOS_DEPLOYMENT_TARGET = 11.2;
				MTL_ENABLE_DEBUG_INFO = NO;
				SDKROOT = iphoneos;
				SWIFT_OPTIMIZATION_LEVEL = "-Owholemodule";
				VALIDATE_PRODUCT = YES;
			};
			name = Release;
		};
		A15A17DE207F0110007883BA /* Debug */ = {
			isa = XCBuildConfiguration;
			buildSettings = {
				ASSETCATALOG_COMPILER_APPICON_NAME = AppIcon;
				CODE_SIGN_STYLE = Automatic;
				DEVELOPMENT_TEAM = 4562Q5CQ46;
				INFOPLIST_FILE = todo_app_final_project_tarney/Info.plist;
				LD_RUNPATH_SEARCH_PATHS = "$(inherited) @executable_path/Frameworks";
				PRODUCT_BUNDLE_IDENTIFIER = "edu.jhu.tarney.todo-app-final-project-tarney";
				PRODUCT_NAME = "$(TARGET_NAME)";
				SWIFT_VERSION = 4.0;
				TARGETED_DEVICE_FAMILY = "1,2";
			};
			name = Debug;
		};
		A15A17DF207F0110007883BA /* Release */ = {
			isa = XCBuildConfiguration;
			buildSettings = {
				ASSETCATALOG_COMPILER_APPICON_NAME = AppIcon;
				CODE_SIGN_STYLE = Automatic;
				DEVELOPMENT_TEAM = 4562Q5CQ46;
				INFOPLIST_FILE = todo_app_final_project_tarney/Info.plist;
				LD_RUNPATH_SEARCH_PATHS = "$(inherited) @executable_path/Frameworks";
				PRODUCT_BUNDLE_IDENTIFIER = "edu.jhu.tarney.todo-app-final-project-tarney";
				PRODUCT_NAME = "$(TARGET_NAME)";
				SWIFT_VERSION = 4.0;
				TARGETED_DEVICE_FAMILY = "1,2";
			};
			name = Release;
		};
/* End XCBuildConfiguration section */

/* Begin XCConfigurationList section */
		A15A17C3207F0110007883BA /* Build configuration list for PBXProject "todo_app_final_project_tarney" */ = {
			isa = XCConfigurationList;
			buildConfigurations = (
				A15A17DB207F0110007883BA /* Debug */,
				A15A17DC207F0110007883BA /* Release */,
			);
			defaultConfigurationIsVisible = 0;
			defaultConfigurationName = Release;
		};
		A15A17DD207F0110007883BA /* Build configuration list for PBXNativeTarget "todo_app_final_project_tarney" */ = {
			isa = XCConfigurationList;
			buildConfigurations = (
				A15A17DE207F0110007883BA /* Debug */,
				A15A17DF207F0110007883BA /* Release */,
			);
			defaultConfigurationIsVisible = 0;
			defaultConfigurationName = Release;
		};
/* End XCConfigurationList section */

/* Begin XCVersionGroup section */
		A15A17D2207F0110007883BA /* todo_app_final_project_tarney.xcdatamodeld */ = {
			isa = XCVersionGroup;
			children = (
				A15A17D3207F0110007883BA /* todo_app_final_project_tarney.xcdatamodel */,
			);
			currentVersion = A15A17D3207F0110007883BA /* todo_app_final_project_tarney.xcdatamodel */;
			path = todo_app_final_project_tarney.xcdatamodeld;
			sourceTree = "<group>";
			versionGroupType = wrapper.xcdatamodel;
		};
/* End XCVersionGroup section */
	};
	rootObject = A15A17C0207F0110007883BA /* Project object */;
}
